// !$*UTF8*$!
{
	archiveVersion = 1;
	classes = {
	};
	objectVersion = 46;
	objects = {

/* Begin PBXBuildFile section */
		EAA47E5B1A4F8B4900816E99 /* ProfileViewController.swift in Sources */ = {isa = PBXBuildFile; fileRef = EAA47E5A1A4F8B4900816E99 /* ProfileViewController.swift */; };
		EAA47E631A50E3F700816E99 /* 021303.jpg in Resources */ = {isa = PBXBuildFile; fileRef = EAA47E621A50E3F700816E99 /* 021303.jpg */; };
		EAA47E651A51B9CE00816E99 /* MapViewController.swift in Sources */ = {isa = PBXBuildFile; fileRef = EAA47E641A51B9CE00816E99 /* MapViewController.swift */; };
		EAA47E681A51BBBF00816E99 /* MapKit.framework in Frameworks */ = {isa = PBXBuildFile; fileRef = EAA47E661A51BB8F00816E99 /* MapKit.framework */; };
		EAA47E691A51BBC900816E99 /* FacebookSDK.framework in Frameworks */ = {isa = PBXBuildFile; fileRef = EAA47E5C1A4F92CA00816E99 /* FacebookSDK.framework */; };
		EAA47E6D1A51CB5300816E99 /* FeedItem.swift in Sources */ = {isa = PBXBuildFile; fileRef = EAA47E6C1A51CB5300816E99 /* FeedItem.swift */; };
		EAF5106E1A4CA79F0016B3B8 /* FilterCell.swift in Sources */ = {isa = PBXBuildFile; fileRef = EAF5106D1A4CA79F0016B3B8 /* FilterCell.swift */; };
		EAF510771A4CFC0D0016B3B8 /* FiltreViewController.swift in Sources */ = {isa = PBXBuildFile; fileRef = EAF510761A4CFC0D0016B3B8 /* FiltreViewController.swift */; };
		EAFC903D1A3F303E00915D2B /* AppDelegate.swift in Sources */ = {isa = PBXBuildFile; fileRef = EAFC903C1A3F303E00915D2B /* AppDelegate.swift */; };
		EAFC90401A3F303E00915D2B /* ExChangAGram.xcdatamodeld in Sources */ = {isa = PBXBuildFile; fileRef = EAFC903E1A3F303E00915D2B /* ExChangAGram.xcdatamodeld */; };
		EAFC90451A3F303E00915D2B /* Main.storyboard in Resources */ = {isa = PBXBuildFile; fileRef = EAFC90431A3F303E00915D2B /* Main.storyboard */; };
		EAFC90471A3F303E00915D2B /* Images.xcassets in Resources */ = {isa = PBXBuildFile; fileRef = EAFC90461A3F303E00915D2B /* Images.xcassets */; };
		EAFC904A1A3F303E00915D2B /* LaunchScreen.xib in Resources */ = {isa = PBXBuildFile; fileRef = EAFC90481A3F303E00915D2B /* LaunchScreen.xib */; };
		EAFC90561A3F303E00915D2B /* ExChangAGramTests.swift in Sources */ = {isa = PBXBuildFile; fileRef = EAFC90551A3F303E00915D2B /* ExChangAGramTests.swift */; };
		EAFC90601A3FB2E400915D2B /* FeedViewController.swift in Sources */ = {isa = PBXBuildFile; fileRef = EAFC905F1A3FB2E400915D2B /* FeedViewController.swift */; };
		EAFC90621A3FB46900915D2B /* FeedCell.swift in Sources */ = {isa = PBXBuildFile; fileRef = EAFC90611A3FB46900915D2B /* FeedCell.swift */; };
		EAFC90641A3FB72E00915D2B /* MobileCoreServices.framework in Frameworks */ = {isa = PBXBuildFile; fileRef = EAFC90631A3FB72E00915D2B /* MobileCoreServices.framework */; };
/* End PBXBuildFile section */

/* Begin PBXContainerItemProxy section */
		EAFC90501A3F303E00915D2B /* PBXContainerItemProxy */ = {
			isa = PBXContainerItemProxy;
			containerPortal = EAFC902F1A3F303E00915D2B /* Project object */;
			proxyType = 1;
			remoteGlobalIDString = EAFC90361A3F303E00915D2B;
			remoteInfo = ExChangAGram;
		};
/* End PBXContainerItemProxy section */

/* Begin PBXFileReference section */
		EAA47E5A1A4F8B4900816E99 /* ProfileViewController.swift */ = {isa = PBXFileReference; fileEncoding = 4; indentWidth = 5; lastKnownFileType = sourcecode.swift; path = ProfileViewController.swift; sourceTree = "<group>"; };
		EAA47E5C1A4F92CA00816E99 /* FacebookSDK.framework */ = {isa = PBXFileReference; lastKnownFileType = wrapper.framework; name = FacebookSDK.framework; path = ../../../FacebookSDK/FacebookSDK.framework; sourceTree = "<group>"; };
		EAA47E611A50AB3C00816E99 /* Bridging-Header.h */ = {isa = PBXFileReference; fileEncoding = 4; lastKnownFileType = sourcecode.c.h; path = "Bridging-Header.h"; sourceTree = SOURCE_ROOT; };
		EAA47E621A50E3F700816E99 /* 021303.jpg */ = {isa = PBXFileReference; lastKnownFileType = image.jpeg; path = 021303.jpg; sourceTree = "<group>"; };
		EAA47E641A51B9CE00816E99 /* MapViewController.swift */ = {isa = PBXFileReference; fileEncoding = 4; lastKnownFileType = sourcecode.swift; path = MapViewController.swift; sourceTree = "<group>"; };
		EAA47E661A51BB8F00816E99 /* MapKit.framework */ = {isa = PBXFileReference; lastKnownFileType = wrapper.framework; name = MapKit.framework; path = System/Library/Frameworks/MapKit.framework; sourceTree = SDKROOT; };
		EAA47E6C1A51CB5300816E99 /* FeedItem.swift */ = {isa = PBXFileReference; fileEncoding = 4; lastKnownFileType = sourcecode.swift; name = FeedItem.swift; path = ../FeedItem.swift; sourceTree = "<group>"; };
		EAF5106D1A4CA79F0016B3B8 /* FilterCell.swift */ = {isa = PBXFileReference; fileEncoding = 4; lastKnownFileType = sourcecode.swift; lineEnding = 0; path = FilterCell.swift; sourceTree = "<group>"; usesTabs = 0; };
		EAF510761A4CFC0D0016B3B8 /* FiltreViewController.swift */ = {isa = PBXFileReference; fileEncoding = 4; lastKnownFileType = sourcecode.swift; path = FiltreViewController.swift; sourceTree = "<group>"; };
		EAFC90371A3F303E00915D2B /* ExChangAGram.app */ = {isa = PBXFileReference; explicitFileType = wrapper.application; includeInIndex = 0; path = ExChangAGram.app; sourceTree = BUILT_PRODUCTS_DIR; };
		EAFC903B1A3F303E00915D2B /* Info.plist */ = {isa = PBXFileReference; lastKnownFileType = text.plist.xml; path = Info.plist; sourceTree = "<group>"; };
		EAFC903C1A3F303E00915D2B /* AppDelegate.swift */ = {isa = PBXFileReference; lastKnownFileType = sourcecode.swift; path = AppDelegate.swift; sourceTree = "<group>"; };
		EAFC903F1A3F303E00915D2B /* ExChangAGram.xcdatamodel */ = {isa = PBXFileReference; lastKnownFileType = wrapper.xcdatamodel; path = ExChangAGram.xcdatamodel; sourceTree = "<group>"; };
		EAFC90441A3F303E00915D2B /* Base */ = {isa = PBXFileReference; lastKnownFileType = file.storyboard; name = Base; path = Base.lproj/Main.storyboard; sourceTree = "<group>"; };
		EAFC90461A3F303E00915D2B /* Images.xcassets */ = {isa = PBXFileReference; lastKnownFileType = folder.assetcatalog; path = Images.xcassets; sourceTree = "<group>"; };
		EAFC90491A3F303E00915D2B /* Base */ = {isa = PBXFileReference; lastKnownFileType = file.xib; name = Base; path = Base.lproj/LaunchScreen.xib; sourceTree = "<group>"; };
		EAFC904F1A3F303E00915D2B /* ExChangAGramTests.xctest */ = {isa = PBXFileReference; explicitFileType = wrapper.cfbundle; includeInIndex = 0; path = ExChangAGramTests.xctest; sourceTree = BUILT_PRODUCTS_DIR; };
		EAFC90541A3F303E00915D2B /* Info.plist */ = {isa = PBXFileReference; lastKnownFileType = text.plist.xml; path = Info.plist; sourceTree = "<group>"; };
		EAFC90551A3F303E00915D2B /* ExChangAGramTests.swift */ = {isa = PBXFileReference; lastKnownFileType = sourcecode.swift; path = ExChangAGramTests.swift; sourceTree = "<group>"; };
		EAFC905F1A3FB2E400915D2B /* FeedViewController.swift */ = {isa = PBXFileReference; fileEncoding = 4; lastKnownFileType = sourcecode.swift; name = FeedViewController.swift; path = ../FeedViewController.swift; sourceTree = "<group>"; };
		EAFC90611A3FB46900915D2B /* FeedCell.swift */ = {isa = PBXFileReference; fileEncoding = 4; lastKnownFileType = sourcecode.swift; path = FeedCell.swift; sourceTree = "<group>"; };
		EAFC90631A3FB72E00915D2B /* MobileCoreServices.framework */ = {isa = PBXFileReference; lastKnownFileType = wrapper.framework; name = MobileCoreServices.framework; path = System/Library/Frameworks/MobileCoreServices.framework; sourceTree = SDKROOT; };
/* End PBXFileReference section */

/* Begin PBXFrameworksBuildPhase section */
		EAFC90341A3F303E00915D2B /* Frameworks */ = {
			isa = PBXFrameworksBuildPhase;
			buildActionMask = 2147483647;
			files = (
				EAA47E691A51BBC900816E99 /* FacebookSDK.framework in Frameworks */,
				EAA47E681A51BBBF00816E99 /* MapKit.framework in Frameworks */,
				EAFC90641A3FB72E00915D2B /* MobileCoreServices.framework in Frameworks */,
			);
			runOnlyForDeploymentPostprocessing = 0;
		};
		EAFC904C1A3F303E00915D2B /* Frameworks */ = {
			isa = PBXFrameworksBuildPhase;
			buildActionMask = 2147483647;
			files = (
			);
			runOnlyForDeploymentPostprocessing = 0;
		};
/* End PBXFrameworksBuildPhase section */

/* Begin PBXGroup section */
		EAA47E5F1A50A96E00816E99 /* FacebookSDK */ = {
			isa = PBXGroup;
			children = (
				EAA47E5C1A4F92CA00816E99 /* FacebookSDK.framework */,
			);
			name = FacebookSDK;
			sourceTree = "<group>";
		};
		EAA7E01E1A4E2D2A0085F6B8 /* Model */ = {
			isa = PBXGroup;
			children = (
				EAA47E6C1A51CB5300816E99 /* FeedItem.swift */,
				EAFC903E1A3F303E00915D2B /* ExChangAGram.xcdatamodeld */,
			);
			name = Model;
			sourceTree = "<group>";
		};
		EAA7E01F1A4E2ED10085F6B8 /* Controllers */ = {
			isa = PBXGroup;
			children = (
				EAA47E641A51B9CE00816E99 /* MapViewController.swift */,
				EAFC905F1A3FB2E400915D2B /* FeedViewController.swift */,
				EAA47E5A1A4F8B4900816E99 /* ProfileViewController.swift */,
				EAF510761A4CFC0D0016B3B8 /* FiltreViewController.swift */,
			);
			name = Controllers;
			sourceTree = "<group>";
		};
		EAFC902E1A3F303E00915D2B = {
			isa = PBXGroup;
			children = (
				EAFC90391A3F303E00915D2B /* ExChangAGram */,
				EAFC90521A3F303E00915D2B /* ExChangAGramTests */,
				EAFC90381A3F303E00915D2B /* Products */,
			);
			sourceTree = "<group>";
		};
		EAFC90381A3F303E00915D2B /* Products */ = {
			isa = PBXGroup;
			children = (
				EAFC90371A3F303E00915D2B /* ExChangAGram.app */,
				EAFC904F1A3F303E00915D2B /* ExChangAGramTests.xctest */,
			);
			name = Products;
			sourceTree = "<group>";
		};
		EAFC90391A3F303E00915D2B /* ExChangAGram */ = {
			isa = PBXGroup;
			children = (
				EAA7E01F1A4E2ED10085F6B8 /* Controllers */,
				EAA7E01E1A4E2D2A0085F6B8 /* Model */,
				EAFC90611A3FB46900915D2B /* FeedCell.swift */,
				EAFC903C1A3F303E00915D2B /* AppDelegate.swift */,
				EAA47E611A50AB3C00816E99 /* Bridging-Header.h */,
				EAFC90431A3F303E00915D2B /* Main.storyboard */,
				EAF5106D1A4CA79F0016B3B8 /* FilterCell.swift */,
				EAFC90461A3F303E00915D2B /* Images.xcassets */,
				EAFC90481A3F303E00915D2B /* LaunchScreen.xib */,
				EAFC903A1A3F303E00915D2B /* Supporting Files */,
			);
			path = ExChangAGram;
			sourceTree = "<group>";
		};
		EAFC903A1A3F303E00915D2B /* Supporting Files */ = {
			isa = PBXGroup;
			children = (
				EAA47E661A51BB8F00816E99 /* MapKit.framework */,
				EAA47E621A50E3F700816E99 /* 021303.jpg */,
				EAA47E5F1A50A96E00816E99 /* FacebookSDK */,
				EAFC90631A3FB72E00915D2B /* MobileCoreServices.framework */,
				EAFC903B1A3F303E00915D2B /* Info.plist */,
			);
			name = "Supporting Files";
			sourceTree = "<group>";
		};
		EAFC90521A3F303E00915D2B /* ExChangAGramTests */ = {
			isa = PBXGroup;
			children = (
				EAFC90551A3F303E00915D2B /* ExChangAGramTests.swift */,
				EAFC90531A3F303E00915D2B /* Supporting Files */,
			);
			path = ExChangAGramTests;
			sourceTree = "<group>";
		};
		EAFC90531A3F303E00915D2B /* Supporting Files */ = {
			isa = PBXGroup;
			children = (
				EAFC90541A3F303E00915D2B /* Info.plist */,
			);
			name = "Supporting Files";
			sourceTree = "<group>";
		};
/* End PBXGroup section */

/* Begin PBXNativeTarget section */
		EAFC90361A3F303E00915D2B /* ExChangAGram */ = {
			isa = PBXNativeTarget;
			buildConfigurationList = EAFC90591A3F303E00915D2B /* Build configuration list for PBXNativeTarget "ExChangAGram" */;
			buildPhases = (
				EAFC90331A3F303E00915D2B /* Sources */,
				EAFC90341A3F303E00915D2B /* Frameworks */,
				EAFC90351A3F303E00915D2B /* Resources */,
			);
			buildRules = (
			);
			dependencies = (
			);
			name = ExChangAGram;
			productName = ExChangAGram;
			productReference = EAFC90371A3F303E00915D2B /* ExChangAGram.app */;
			productType = "com.apple.product-type.application";
		};
		EAFC904E1A3F303E00915D2B /* ExChangAGramTests */ = {
			isa = PBXNativeTarget;
			buildConfigurationList = EAFC905C1A3F303E00915D2B /* Build configuration list for PBXNativeTarget "ExChangAGramTests" */;
			buildPhases = (
				EAFC904B1A3F303E00915D2B /* Sources */,
				EAFC904C1A3F303E00915D2B /* Frameworks */,
				EAFC904D1A3F303E00915D2B /* Resources */,
			);
			buildRules = (
			);
			dependencies = (
				EAFC90511A3F303E00915D2B /* PBXTargetDependency */,
			);
			name = ExChangAGramTests;
			productName = ExChangAGramTests;
			productReference = EAFC904F1A3F303E00915D2B /* ExChangAGramTests.xctest */;
			productType = "com.apple.product-type.bundle.unit-test";
		};
/* End PBXNativeTarget section */

/* Begin PBXProject section */
		EAFC902F1A3F303E00915D2B /* Project object */ = {
			isa = PBXProject;
			attributes = {
				LastUpgradeCheck = 0620;
				ORGANIZATIONNAME = Benobab;
				TargetAttributes = {
					EAFC90361A3F303E00915D2B = {
						CreatedOnToolsVersion = 6.2;
						DevelopmentTeam = 75LLFKV497;
					};
					EAFC904E1A3F303E00915D2B = {
						CreatedOnToolsVersion = 6.2;
						TestTargetID = EAFC90361A3F303E00915D2B;
					};
				};
			};
			buildConfigurationList = EAFC90321A3F303E00915D2B /* Build configuration list for PBXProject "ExChangAGram" */;
			compatibilityVersion = "Xcode 3.2";
			developmentRegion = English;
			hasScannedForEncodings = 0;
			knownRegions = (
				en,
				Base,
			);
			mainGroup = EAFC902E1A3F303E00915D2B;
			productRefGroup = EAFC90381A3F303E00915D2B /* Products */;
			projectDirPath = "";
			projectRoot = "";
			targets = (
				EAFC90361A3F303E00915D2B /* ExChangAGram */,
				EAFC904E1A3F303E00915D2B /* ExChangAGramTests */,
			);
		};
/* End PBXProject section */

/* Begin PBXResourcesBuildPhase section */
		EAFC90351A3F303E00915D2B /* Resources */ = {
			isa = PBXResourcesBuildPhase;
			buildActionMask = 2147483647;
			files = (
				EAFC90451A3F303E00915D2B /* Main.storyboard in Resources */,
				EAFC904A1A3F303E00915D2B /* LaunchScreen.xib in Resources */,
				EAA47E631A50E3F700816E99 /* 021303.jpg in Resources */,
				EAFC90471A3F303E00915D2B /* Images.xcassets in Resources */,
			);
			runOnlyForDeploymentPostprocessing = 0;
		};
		EAFC904D1A3F303E00915D2B /* Resources */ = {
			isa = PBXResourcesBuildPhase;
			buildActionMask = 2147483647;
			files = (
			);
			runOnlyForDeploymentPostprocessing = 0;
		};
/* End PBXResourcesBuildPhase section */

/* Begin PBXSourcesBuildPhase section */
		EAFC90331A3F303E00915D2B /* Sources */ = {
			isa = PBXSourcesBuildPhase;
			buildActionMask = 2147483647;
			files = (
				EAF5106E1A4CA79F0016B3B8 /* FilterCell.swift in Sources */,
				EAF510771A4CFC0D0016B3B8 /* FiltreViewController.swift in Sources */,
				EAFC903D1A3F303E00915D2B /* AppDelegate.swift in Sources */,
				EAFC90621A3FB46900915D2B /* FeedCell.swift in Sources */,
				EAA47E651A51B9CE00816E99 /* MapViewController.swift in Sources */,
				EAA47E6D1A51CB5300816E99 /* FeedItem.swift in Sources */,
				EAFC90601A3FB2E400915D2B /* FeedViewController.swift in Sources */,
				EAA47E5B1A4F8B4900816E99 /* ProfileViewController.swift in Sources */,
				EAFC90401A3F303E00915D2B /* ExChangAGram.xcdatamodeld in Sources */,
			);
			runOnlyForDeploymentPostprocessing = 0;
		};
		EAFC904B1A3F303E00915D2B /* Sources */ = {
			isa = PBXSourcesBuildPhase;
			buildActionMask = 2147483647;
			files = (
				EAFC90561A3F303E00915D2B /* ExChangAGramTests.swift in Sources */,
			);
			runOnlyForDeploymentPostprocessing = 0;
		};
/* End PBXSourcesBuildPhase section */

/* Begin PBXTargetDependency section */
		EAFC90511A3F303E00915D2B /* PBXTargetDependency */ = {
			isa = PBXTargetDependency;
			target = EAFC90361A3F303E00915D2B /* ExChangAGram */;
			targetProxy = EAFC90501A3F303E00915D2B /* PBXContainerItemProxy */;
		};
/* End PBXTargetDependency section */

/* Begin PBXVariantGroup section */
		EAFC90431A3F303E00915D2B /* Main.storyboard */ = {
			isa = PBXVariantGroup;
			children = (
				EAFC90441A3F303E00915D2B /* Base */,
			);
			name = Main.storyboard;
			sourceTree = "<group>";
		};
		EAFC90481A3F303E00915D2B /* LaunchScreen.xib */ = {
			isa = PBXVariantGroup;
			children = (
				EAFC90491A3F303E00915D2B /* Base */,
			);
			name = LaunchScreen.xib;
			sourceTree = "<group>";
		};
/* End PBXVariantGroup section */

/* Begin XCBuildConfiguration section */
		EAFC90571A3F303E00915D2B /* Debug */ = {
			isa = XCBuildConfiguration;
			buildSettings = {
				ALWAYS_SEARCH_USER_PATHS = NO;
				CLANG_CXX_LANGUAGE_STANDARD = "gnu++0x";
				CLANG_CXX_LIBRARY = "libc++";
				CLANG_ENABLE_MODULES = YES;
				CLANG_ENABLE_OBJC_ARC = YES;
				CLANG_WARN_BOOL_CONVERSION = YES;
				CLANG_WARN_CONSTANT_CONVERSION = YES;
				CLANG_WARN_DIRECT_OBJC_ISA_USAGE = YES_ERROR;
				CLANG_WARN_EMPTY_BODY = YES;
				CLANG_WARN_ENUM_CONVERSION = YES;
				CLANG_WARN_INT_CONVERSION = YES;
				CLANG_WARN_OBJC_ROOT_CLASS = YES_ERROR;
				CLANG_WARN_UNREACHABLE_CODE = YES;
				CLANG_WARN__DUPLICATE_METHOD_MATCH = YES;
				"CODE_SIGN_IDENTITY[sdk=iphoneos*]" = "iPhone Developer";
				COPY_PHASE_STRIP = NO;
				ENABLE_STRICT_OBJC_MSGSEND = YES;
				GCC_C_LANGUAGE_STANDARD = gnu99;
				GCC_DYNAMIC_NO_PIC = NO;
				GCC_OPTIMIZATION_LEVEL = 0;
				GCC_PREPROCESSOR_DEFINITIONS = (
					"DEBUG=1",
					"$(inherited)",
				);
				GCC_SYMBOLS_PRIVATE_EXTERN = NO;
				GCC_WARN_64_TO_32_BIT_CONVERSION = YES;
				GCC_WARN_ABOUT_RETURN_TYPE = YES_ERROR;
				GCC_WARN_UNDECLARED_SELECTOR = YES;
				GCC_WARN_UNINITIALIZED_AUTOS = YES_AGGRESSIVE;
				GCC_WARN_UNUSED_FUNCTION = YES;
				GCC_WARN_UNUSED_VARIABLE = YES;
				IPHONEOS_DEPLOYMENT_TARGET = 8.0;
				MTL_ENABLE_DEBUG_INFO = YES;
				ONLY_ACTIVE_ARCH = YES;
				SDKROOT = iphoneos;
				SWIFT_OPTIMIZATION_LEVEL = "-Onone";
				TARGETED_DEVICE_FAMILY = "1,2";
			};
			name = Debug;
		};
		EAFC90581A3F303E00915D2B /* Release */ = {
			isa = XCBuildConfiguration;
			buildSettings = {
				ALWAYS_SEARCH_USER_PATHS = NO;
				CLANG_CXX_LANGUAGE_STANDARD = "gnu++0x";
				CLANG_CXX_LIBRARY = "libc++";
				CLANG_ENABLE_MODULES = YES;
				CLANG_ENABLE_OBJC_ARC = YES;
				CLANG_WARN_BOOL_CONVERSION = YES;
				CLANG_WARN_CONSTANT_CONVERSION = YES;
				CLANG_WARN_DIRECT_OBJC_ISA_USAGE = YES_ERROR;
				CLANG_WARN_EMPTY_BODY = YES;
				CLANG_WARN_ENUM_CONVERSION = YES;
				CLANG_WARN_INT_CONVERSION = YES;
				CLANG_WARN_OBJC_ROOT_CLASS = YES_ERROR;
				CLANG_WARN_UNREACHABLE_CODE = YES;
				CLANG_WARN__DUPLICATE_METHOD_MATCH = YES;
				"CODE_SIGN_IDENTITY[sdk=iphoneos*]" = "iPhone Developer";
				COPY_PHASE_STRIP = YES;
				ENABLE_NS_ASSERTIONS = NO;
				ENABLE_STRICT_OBJC_MSGSEND = YES;
				GCC_C_LANGUAGE_STANDARD = gnu99;
				GCC_WARN_64_TO_32_BIT_CONVERSION = YES;
				GCC_WARN_ABOUT_RETURN_TYPE = YES_ERROR;
				GCC_WARN_UNDECLARED_SELECTOR = YES;
				GCC_WARN_UNINITIALIZED_AUTOS = YES_AGGRESSIVE;
				GCC_WARN_UNUSED_FUNCTION = YES;
				GCC_WARN_UNUSED_VARIABLE = YES;
				IPHONEOS_DEPLOYMENT_TARGET = 8.0;
				MTL_ENABLE_DEBUG_INFO = NO;
				SDKROOT = iphoneos;
				TARGETED_DEVICE_FAMILY = "1,2";
				VALIDATE_PRODUCT = YES;
			};
			name = Release;
		};
		EAFC905A1A3F303E00915D2B /* Debug */ = {
			isa = XCBuildConfiguration;
			buildSettings = {
				ASSETCATALOG_COMPILER_APPICON_NAME = AppIcon;
				CODE_SIGN_IDENTITY = "iPhone Developer";
				FRAMEWORK_SEARCH_PATHS = (
					"$(inherited)",
					/Users/benlacroix/Documents/FacebookSDK,
				);
				INFOPLIST_FILE = ExChangAGram/Info.plist;
				LD_RUNPATH_SEARCH_PATHS = "$(inherited) @executable_path/Frameworks";
				PRODUCT_NAME = "$(TARGET_NAME)";
				SWIFT_OBJC_BRIDGING_HEADER = "Bridging-Header.h";
			};
			name = Debug;
		};
		EAFC905B1A3F303E00915D2B /* Release */ = {
			isa = XCBuildConfiguration;
			buildSettings = {
				ASSETCATALOG_COMPILER_APPICON_NAME = AppIcon;
				CODE_SIGN_IDENTITY = "iPhone Developer";
				FRAMEWORK_SEARCH_PATHS = (
					"$(inherited)",
					/Users/benlacroix/Documents/FacebookSDK,
				);
				INFOPLIST_FILE = ExChangAGram/Info.plist;
				LD_RUNPATH_SEARCH_PATHS = "$(inherited) @executable_path/Frameworks";
				PRODUCT_NAME = "$(TARGET_NAME)";
				SWIFT_OBJC_BRIDGING_HEADER = "Bridging-Header.h";
			};
			name = Release;
		};
		EAFC905D1A3F303E00915D2B /* Debug */ = {
			isa = XCBuildConfiguration;
			buildSettings = {
				BUNDLE_LOADER = "$(TEST_HOST)";
				FRAMEWORK_SEARCH_PATHS = (
					"$(SDKROOT)/Developer/Library/Frameworks",
					"$(inherited)",
				);
				GCC_PREPROCESSOR_DEFINITIONS = (
					"DEBUG=1",
					"$(inherited)",
				);
				INFOPLIST_FILE = ExChangAGramTests/Info.plist;
				LD_RUNPATH_SEARCH_PATHS = "$(inherited) @executable_path/Frameworks @loader_path/Frameworks";
				PRODUCT_NAME = "$(TARGET_NAME)";
				TEST_HOST = "$(BUILT_PRODUCTS_DIR)/ExChangAGram.app/ExChangAGram";
			};
			name = Debug;
		};
		EAFC905E1A3F303E00915D2B /* Release */ = {
			isa = XCBuildConfiguration;
			buildSettings = {
				BUNDLE_LOADER = "$(TEST_HOST)";
				FRAMEWORK_SEARCH_PATHS = (
					"$(SDKROOT)/Developer/Library/Frameworks",
					"$(inherited)",
				);
				INFOPLIST_FILE = ExChangAGramTests/Info.plist;
				LD_RUNPATH_SEARCH_PATHS = "$(inherited) @executable_path/Frameworks @loader_path/Frameworks";
				PRODUCT_NAME = "$(TARGET_NAME)";
				TEST_HOST = "$(BUILT_PRODUCTS_DIR)/ExChangAGram.app/ExChangAGram";
			};
			name = Release;
		};
/* End XCBuildConfiguration section */

/* Begin XCConfigurationList section */
		EAFC90321A3F303E00915D2B /* Build configuration list for PBXProject "ExChangAGram" */ = {
			isa = XCConfigurationList;
			buildConfigurations = (
				EAFC90571A3F303E00915D2B /* Debug */,
				EAFC90581A3F303E00915D2B /* Release */,
			);
			defaultConfigurationIsVisible = 0;
			defaultConfigurationName = Release;
		};
		EAFC90591A3F303E00915D2B /* Build configuration list for PBXNativeTarget "ExChangAGram" */ = {
			isa = XCConfigurationList;
			buildConfigurations = (
				EAFC905A1A3F303E00915D2B /* Debug */,
				EAFC905B1A3F303E00915D2B /* Release */,
			);
			defaultConfigurationIsVisible = 0;
			defaultConfigurationName = Release;
		};
		EAFC905C1A3F303E00915D2B /* Build configuration list for PBXNativeTarget "ExChangAGramTests" */ = {
			isa = XCConfigurationList;
			buildConfigurations = (
				EAFC905D1A3F303E00915D2B /* Debug */,
				EAFC905E1A3F303E00915D2B /* Release */,
			);
			defaultConfigurationIsVisible = 0;
			defaultConfigurationName = Release;
		};
/* End XCConfigurationList section */

/* Begin XCVersionGroup section */
		EAFC903E1A3F303E00915D2B /* ExChangAGram.xcdatamodeld */ = {
			isa = XCVersionGroup;
			children = (
				EAFC903F1A3F303E00915D2B /* ExChangAGram.xcdatamodel */,
			);
			currentVersion = EAFC903F1A3F303E00915D2B /* ExChangAGram.xcdatamodel */;
			path = ExChangAGram.xcdatamodeld;
			sourceTree = "<group>";
			versionGroupType = wrapper.xcdatamodel;
		};
/* End XCVersionGroup section */
	};
	rootObject = EAFC902F1A3F303E00915D2B /* Project object */;
}
